// !$*UTF8*$!
{
	archiveVersion = 1;
	classes = {
	};
	objectVersion = 46;
	objects = {

/* Begin PBXBuildFile section */
		8016E3F91E47D30700E49F5C /* VKDeleagateClass.swift in Sources */ = {isa = PBXBuildFile; fileRef = 8016E3F81E47D30700E49F5C /* VKDeleagateClass.swift */; };
		806AF08E1E4270E300C9C0B7 /* CustomTableViewCell.swift in Sources */ = {isa = PBXBuildFile; fileRef = 806AF08D1E4270E300C9C0B7 /* CustomTableViewCell.swift */; };
		806AF0901E4273C700C9C0B7 /* VK.png in Resources */ = {isa = PBXBuildFile; fileRef = 806AF08F1E4273C700C9C0B7 /* VK.png */; };
		806AF0921E42785000C9C0B7 /* LoginViewController.swift in Sources */ = {isa = PBXBuildFile; fileRef = 806AF0911E42785000C9C0B7 /* LoginViewController.swift */; };
		806AF0B61E438C9800C9C0B7 /* PhotosViewController.swift in Sources */ = {isa = PBXBuildFile; fileRef = 806AF0B51E438C9800C9C0B7 /* PhotosViewController.swift */; };
		806AF0B81E438D0700C9C0B7 /* PhotoTableViewCell.swift in Sources */ = {isa = PBXBuildFile; fileRef = 806AF0B71E438D0700C9C0B7 /* PhotoTableViewCell.swift */; };
		806AF0BA1E439EA700C9C0B7 /* PhotoViewController.swift in Sources */ = {isa = PBXBuildFile; fileRef = 806AF0B91E439EA700C9C0B7 /* PhotoViewController.swift */; };
		8077206E1E412DCD00F9B919 /* AppDelegate.swift in Sources */ = {isa = PBXBuildFile; fileRef = 8077206D1E412DCD00F9B919 /* AppDelegate.swift */; };
		807720701E412DCD00F9B919 /* AlbumViewController.swift in Sources */ = {isa = PBXBuildFile; fileRef = 8077206F1E412DCD00F9B919 /* AlbumViewController.swift */; };
		807720751E412DCD00F9B919 /* Assets.xcassets in Resources */ = {isa = PBXBuildFile; fileRef = 807720741E412DCD00F9B919 /* Assets.xcassets */; };
		807720781E412DCD00F9B919 /* LaunchScreen.storyboard in Resources */ = {isa = PBXBuildFile; fileRef = 807720761E412DCD00F9B919 /* LaunchScreen.storyboard */; };
		80ADDBA41E47C01300D35E13 /* Main.storyboard in Resources */ = {isa = PBXBuildFile; fileRef = 80ADDBA21E47C01300D35E13 /* Main.storyboard */; };
		9985E985EA805E2FED9BA21B /* Pods_testVK.framework in Frameworks */ = {isa = PBXBuildFile; fileRef = 2E7A6CC44969D4CFC6A7CD53 /* Pods_testVK.framework */; };
/* End PBXBuildFile section */

/* Begin PBXFileReference section */
		2E7A6CC44969D4CFC6A7CD53 /* Pods_testVK.framework */ = {isa = PBXFileReference; explicitFileType = wrapper.framework; includeInIndex = 0; path = Pods_testVK.framework; sourceTree = BUILT_PRODUCTS_DIR; };
		5F7F7EEDE5292B9CC1689DD9 /* Pods-testVK.debug.xcconfig */ = {isa = PBXFileReference; includeInIndex = 1; lastKnownFileType = text.xcconfig; name = "Pods-testVK.debug.xcconfig"; path = "Pods/Target Support Files/Pods-testVK/Pods-testVK.debug.xcconfig"; sourceTree = "<group>"; };
		8016E3F81E47D30700E49F5C /* VKDeleagateClass.swift */ = {isa = PBXFileReference; fileEncoding = 4; lastKnownFileType = sourcecode.swift; path = VKDeleagateClass.swift; sourceTree = "<group>"; };
		806AF08D1E4270E300C9C0B7 /* CustomTableViewCell.swift */ = {isa = PBXFileReference; fileEncoding = 4; lastKnownFileType = sourcecode.swift; path = CustomTableViewCell.swift; sourceTree = "<group>"; };
		806AF08F1E4273C700C9C0B7 /* VK.png */ = {isa = PBXFileReference; lastKnownFileType = image.png; path = VK.png; sourceTree = "<group>"; };
		806AF0911E42785000C9C0B7 /* LoginViewController.swift */ = {isa = PBXFileReference; fileEncoding = 4; lastKnownFileType = sourcecode.swift; path = LoginViewController.swift; sourceTree = "<group>"; };
		806AF0B51E438C9800C9C0B7 /* PhotosViewController.swift */ = {isa = PBXFileReference; fileEncoding = 4; lastKnownFileType = sourcecode.swift; path = PhotosViewController.swift; sourceTree = "<group>"; };
		806AF0B71E438D0700C9C0B7 /* PhotoTableViewCell.swift */ = {isa = PBXFileReference; fileEncoding = 4; lastKnownFileType = sourcecode.swift; path = PhotoTableViewCell.swift; sourceTree = "<group>"; };
		806AF0B91E439EA700C9C0B7 /* PhotoViewController.swift */ = {isa = PBXFileReference; fileEncoding = 4; lastKnownFileType = sourcecode.swift; path = PhotoViewController.swift; sourceTree = "<group>"; };
		8077206A1E412DCD00F9B919 /* testVK.app */ = {isa = PBXFileReference; explicitFileType = wrapper.application; includeInIndex = 0; path = testVK.app; sourceTree = BUILT_PRODUCTS_DIR; };
		8077206D1E412DCD00F9B919 /* AppDelegate.swift */ = {isa = PBXFileReference; lastKnownFileType = sourcecode.swift; path = AppDelegate.swift; sourceTree = "<group>"; };
		8077206F1E412DCD00F9B919 /* AlbumViewController.swift */ = {isa = PBXFileReference; lastKnownFileType = sourcecode.swift; path = AlbumViewController.swift; sourceTree = "<group>"; };
		807720741E412DCD00F9B919 /* Assets.xcassets */ = {isa = PBXFileReference; lastKnownFileType = folder.assetcatalog; path = Assets.xcassets; sourceTree = "<group>"; };
		807720771E412DCD00F9B919 /* Base */ = {isa = PBXFileReference; lastKnownFileType = file.storyboard; name = Base; path = Base.lproj/LaunchScreen.storyboard; sourceTree = "<group>"; };
		807720791E412DCD00F9B919 /* Info.plist */ = {isa = PBXFileReference; lastKnownFileType = text.plist.xml; path = Info.plist; sourceTree = "<group>"; };
		80ADDBA31E47C01300D35E13 /* Base */ = {isa = PBXFileReference; lastKnownFileType = file.storyboard; name = Base; path = Base.lproj/Main.storyboard; sourceTree = "<group>"; };
		FB23D4CD51B4B7D5D756121C /* Pods-testVK.release.xcconfig */ = {isa = PBXFileReference; includeInIndex = 1; lastKnownFileType = text.xcconfig; name = "Pods-testVK.release.xcconfig"; path = "Pods/Target Support Files/Pods-testVK/Pods-testVK.release.xcconfig"; sourceTree = "<group>"; };
/* End PBXFileReference section */

/* Begin PBXFrameworksBuildPhase section */
		807720671E412DCD00F9B919 /* Frameworks */ = {
			isa = PBXFrameworksBuildPhase;
			buildActionMask = 2147483647;
			files = (
				9985E985EA805E2FED9BA21B /* Pods_testVK.framework in Frameworks */,
			);
			runOnlyForDeploymentPostprocessing = 0;
		};
/* End PBXFrameworksBuildPhase section */

/* Begin PBXGroup section */
		0BECD21A54C71A998744BB30 /* Frameworks */ = {
			isa = PBXGroup;
			children = (
				2E7A6CC44969D4CFC6A7CD53 /* Pods_testVK.framework */,
			);
			name = Frameworks;
			sourceTree = "<group>";
		};
		807720611E412DCD00F9B919 = {
			isa = PBXGroup;
			children = (
				8077206C1E412DCD00F9B919 /* testVK */,
				8077206B1E412DCD00F9B919 /* Products */,
				B69A11672E2C51181959D54F /* Pods */,
				0BECD21A54C71A998744BB30 /* Frameworks */,
			);
			sourceTree = "<group>";
		};
		8077206B1E412DCD00F9B919 /* Products */ = {
			isa = PBXGroup;
			children = (
				8077206A1E412DCD00F9B919 /* testVK.app */,
			);
			name = Products;
			sourceTree = "<group>";
		};
		8077206C1E412DCD00F9B919 /* testVK */ = {
			isa = PBXGroup;
			children = (
				8077206D1E412DCD00F9B919 /* AppDelegate.swift */,
				8016E3F81E47D30700E49F5C /* VKDeleagateClass.swift */,
				806AF0911E42785000C9C0B7 /* LoginViewController.swift */,
				8077206F1E412DCD00F9B919 /* AlbumViewController.swift */,
				806AF0B51E438C9800C9C0B7 /* PhotosViewController.swift */,
				806AF0B91E439EA700C9C0B7 /* PhotoViewController.swift */,
				806AF08D1E4270E300C9C0B7 /* CustomTableViewCell.swift */,
				806AF0B71E438D0700C9C0B7 /* PhotoTableViewCell.swift */,
				80ADDBA21E47C01300D35E13 /* Main.storyboard */,
				807720741E412DCD00F9B919 /* Assets.xcassets */,
				807720761E412DCD00F9B919 /* LaunchScreen.storyboard */,
				807720791E412DCD00F9B919 /* Info.plist */,
				806AF08F1E4273C700C9C0B7 /* VK.png */,
			);
			path = testVK;
			sourceTree = "<group>";
		};
		B69A11672E2C51181959D54F /* Pods */ = {
			isa = PBXGroup;
			children = (
				5F7F7EEDE5292B9CC1689DD9 /* Pods-testVK.debug.xcconfig */,
				FB23D4CD51B4B7D5D756121C /* Pods-testVK.release.xcconfig */,
			);
			name = Pods;
			sourceTree = "<group>";
		};
/* End PBXGroup section */

/* Begin PBXNativeTarget section */
		807720691E412DCD00F9B919 /* testVK */ = {
			isa = PBXNativeTarget;
			buildConfigurationList = 8077207C1E412DCD00F9B919 /* Build configuration list for PBXNativeTarget "testVK" */;
			buildPhases = (
				3B60283DA252FE7E93C7665D /* [CP] Check Pods Manifest.lock */,
				807720661E412DCD00F9B919 /* Sources */,
				807720671E412DCD00F9B919 /* Frameworks */,
				807720681E412DCD00F9B919 /* Resources */,
				D4A9FC83D68244D4E697D717 /* [CP] Embed Pods Frameworks */,
				85327BCEEE8F1E289915C0EA /* [CP] Copy Pods Resources */,
			);
			buildRules = (
			);
			dependencies = (
			);
			name = testVK;
			productName = testVK;
			productReference = 8077206A1E412DCD00F9B919 /* testVK.app */;
			productType = "com.apple.product-type.application";
		};
/* End PBXNativeTarget section */

/* Begin PBXProject section */
		807720621E412DCD00F9B919 /* Project object */ = {
			isa = PBXProject;
			attributes = {
				KnownAssetTags = (
					TableViewControllerTAG,
				);
				LastSwiftUpdateCheck = 0810;
				LastUpgradeCheck = 0810;
				ORGANIZATIONNAME = Gorelovskiy;
				TargetAttributes = {
					807720691E412DCD00F9B919 = {
						CreatedOnToolsVersion = 8.1;
						DevelopmentTeam = 4M6HC984B7;
						ProvisioningStyle = Automatic;
					};
				};
			};
			buildConfigurationList = 807720651E412DCD00F9B919 /* Build configuration list for PBXProject "testVK" */;
			compatibilityVersion = "Xcode 3.2";
			developmentRegion = English;
			hasScannedForEncodings = 0;
			knownRegions = (
				en,
				Base,
			);
			mainGroup = 807720611E412DCD00F9B919;
			productRefGroup = 8077206B1E412DCD00F9B919 /* Products */;
			projectDirPath = "";
			projectRoot = "";
			targets = (
				807720691E412DCD00F9B919 /* testVK */,
			);
		};
/* End PBXProject section */

/* Begin PBXResourcesBuildPhase section */
		807720681E412DCD00F9B919 /* Resources */ = {
			isa = PBXResourcesBuildPhase;
			buildActionMask = 2147483647;
			files = (
				807720781E412DCD00F9B919 /* LaunchScreen.storyboard in Resources */,
				807720751E412DCD00F9B919 /* Assets.xcassets in Resources */,
				806AF0901E4273C700C9C0B7 /* VK.png in Resources */,
				80ADDBA41E47C01300D35E13 /* Main.storyboard in Resources */,
			);
			runOnlyForDeploymentPostprocessing = 0;
		};
/* End PBXResourcesBuildPhase section */

/* Begin PBXShellScriptBuildPhase section */
		3B60283DA252FE7E93C7665D /* [CP] Check Pods Manifest.lock */ = {
			isa = PBXShellScriptBuildPhase;
			buildActionMask = 2147483647;
			files = (
			);
			inputPaths = (
			);
			name = "[CP] Check Pods Manifest.lock";
			outputPaths = (
			);
			runOnlyForDeploymentPostprocessing = 0;
			shellPath = /bin/sh;
			shellScript = "diff \"${PODS_ROOT}/../Podfile.lock\" \"${PODS_ROOT}/Manifest.lock\" > /dev/null\nif [ $? != 0 ] ; then\n    # print error to STDERR\n    echo \"error: The sandbox is not in sync with the Podfile.lock. Run 'pod install' or update your CocoaPods installation.\" >&2\n    exit 1\nfi\n";
			showEnvVarsInLog = 0;
		};
		85327BCEEE8F1E289915C0EA /* [CP] Copy Pods Resources */ = {
			isa = PBXShellScriptBuildPhase;
			buildActionMask = 2147483647;
			files = (
			);
			inputPaths = (
			);
			name = "[CP] Copy Pods Resources";
			outputPaths = (
			);
			runOnlyForDeploymentPostprocessing = 0;
			shellPath = /bin/sh;
			shellScript = "\"${SRCROOT}/Pods/Target Support Files/Pods-testVK/Pods-testVK-resources.sh\"\n";
			showEnvVarsInLog = 0;
		};
		D4A9FC83D68244D4E697D717 /* [CP] Embed Pods Frameworks */ = {
			isa = PBXShellScriptBuildPhase;
			buildActionMask = 2147483647;
			files = (
			);
			inputPaths = (
			);
			name = "[CP] Embed Pods Frameworks";
			outputPaths = (
			);
			runOnlyForDeploymentPostprocessing = 0;
			shellPath = /bin/sh;
			shellScript = "\"${SRCROOT}/Pods/Target Support Files/Pods-testVK/Pods-testVK-frameworks.sh\"\n";
			showEnvVarsInLog = 0;
		};
/* End PBXShellScriptBuildPhase section */

/* Begin PBXSourcesBuildPhase section */
		807720661E412DCD00F9B919 /* Sources */ = {
			isa = PBXSourcesBuildPhase;
			buildActionMask = 2147483647;
			files = (
				806AF0B81E438D0700C9C0B7 /* PhotoTableViewCell.swift in Sources */,
				807720701E412DCD00F9B919 /* AlbumViewController.swift in Sources */,
				806AF08E1E4270E300C9C0B7 /* CustomTableViewCell.swift in Sources */,
				806AF0B61E438C9800C9C0B7 /* PhotosViewController.swift in Sources */,
				8016E3F91E47D30700E49F5C /* VKDeleagateClass.swift in Sources */,
				806AF0BA1E439EA700C9C0B7 /* PhotoViewController.swift in Sources */,
				806AF0921E42785000C9C0B7 /* LoginViewController.swift in Sources */,
				8077206E1E412DCD00F9B919 /* AppDelegate.swift in Sources */,
			);
			runOnlyForDeploymentPostprocessing = 0;
		};
/* End PBXSourcesBuildPhase section */

/* Begin PBXVariantGroup section */
		807720761E412DCD00F9B919 /* LaunchScreen.storyboard */ = {
			isa = PBXVariantGroup;
			children = (
				807720771E412DCD00F9B919 /* Base */,
			);
			name = LaunchScreen.storyboard;
			sourceTree = "<group>";
		};
		80ADDBA21E47C01300D35E13 /* Main.storyboard */ = {
			isa = PBXVariantGroup;
			children = (
				80ADDBA31E47C01300D35E13 /* Base */,
			);
			name = Main.storyboard;
			sourceTree = "<group>";
		};
/* End PBXVariantGroup section */

/* Begin XCBuildConfiguration section */
		8077207A1E412DCD00F9B919 /* Debug */ = {
			isa = XCBuildConfiguration;
			buildSettings = {
				ALWAYS_SEARCH_USER_PATHS = NO;
				CLANG_ANALYZER_NONNULL = YES;
				CLANG_CXX_LANGUAGE_STANDARD = "gnu++0x";
				CLANG_CXX_LIBRARY = "libc++";
				CLANG_ENABLE_MODULES = YES;
				CLANG_ENABLE_OBJC_ARC = YES;
				CLANG_WARN_BOOL_CONVERSION = YES;
				CLANG_WARN_CONSTANT_CONVERSION = YES;
				CLANG_WARN_DIRECT_OBJC_ISA_USAGE = YES_ERROR;
				CLANG_WARN_DOCUMENTATION_COMMENTS = YES;
				CLANG_WARN_EMPTY_BODY = YES;
				CLANG_WARN_ENUM_CONVERSION = YES;
				CLANG_WARN_INFINITE_RECURSION = YES;
				CLANG_WARN_INT_CONVERSION = YES;
				CLANG_WARN_OBJC_ROOT_CLASS = YES_ERROR;
				CLANG_WARN_SUSPICIOUS_MOVES = YES;
				CLANG_WARN_UNREACHABLE_CODE = YES;
				CLANG_WARN__DUPLICATE_METHOD_MATCH = YES;
				"CODE_SIGN_IDENTITY[sdk=iphoneos*]" = "iPhone Developer";
				COPY_PHASE_STRIP = NO;
				DEBUG_INFORMATION_FORMAT = dwarf;
				ENABLE_STRICT_OBJC_MSGSEND = YES;
				ENABLE_TESTABILITY = YES;
				GCC_C_LANGUAGE_STANDARD = gnu99;
				GCC_DYNAMIC_NO_PIC = NO;
				GCC_NO_COMMON_BLOCKS = YES;
				GCC_OPTIMIZATION_LEVEL = 0;
				GCC_PREPROCESSOR_DEFINITIONS = (
					"DEBUG=1",
					"$(inherited)",
				);
				GCC_WARN_64_TO_32_BIT_CONVERSION = YES;
				GCC_WARN_ABOUT_RETURN_TYPE = YES_ERROR;
				GCC_WARN_UNDECLARED_SELECTOR = YES;
				GCC_WARN_UNINITIALIZED_AUTOS = YES_AGGRESSIVE;
				GCC_WARN_UNUSED_FUNCTION = YES;
				GCC_WARN_UNUSED_VARIABLE = YES;
				IPHONEOS_DEPLOYMENT_TARGET = 8.0;
				MTL_ENABLE_DEBUG_INFO = YES;
				ONLY_ACTIVE_ARCH = YES;
				SDKROOT = iphoneos;
				SWIFT_ACTIVE_COMPILATION_CONDITIONS = DEBUG;
				SWIFT_OPTIMIZATION_LEVEL = "-Onone";
			};
			name = Debug;
		};
		8077207B1E412DCD00F9B919 /* Release */ = {
			isa = XCBuildConfiguration;
			buildSettings = {
				ALWAYS_SEARCH_USER_PATHS = NO;
				CLANG_ANALYZER_NONNULL = YES;
				CLANG_CXX_LANGUAGE_STANDARD = "gnu++0x";
				CLANG_CXX_LIBRARY = "libc++";
				CLANG_ENABLE_MODULES = YES;
				CLANG_ENABLE_OBJC_ARC = YES;
				CLANG_WARN_BOOL_CONVERSION = YES;
				CLANG_WARN_CONSTANT_CONVERSION = YES;
				CLANG_WARN_DIRECT_OBJC_ISA_USAGE = YES_ERROR;
				CLANG_WARN_DOCUMENTATION_COMMENTS = YES;
				CLANG_WARN_EMPTY_BODY = YES;
				CLANG_WARN_ENUM_CONVERSION = YES;
				CLANG_WARN_INFINITE_RECURSION = YES;
				CLANG_WARN_INT_CONVERSION = YES;
				CLANG_WARN_OBJC_ROOT_CLASS = YES_ERROR;
				CLANG_WARN_SUSPICIOUS_MOVES = YES;
				CLANG_WARN_UNREACHABLE_CODE = YES;
				CLANG_WARN__DUPLICATE_METHOD_MATCH = YES;
				"CODE_SIGN_IDENTITY[sdk=iphoneos*]" = "iPhone Developer";
				COPY_PHASE_STRIP = NO;
				DEBUG_INFORMATION_FORMAT = "dwarf-with-dsym";
				ENABLE_NS_ASSERTIONS = NO;
				ENABLE_STRICT_OBJC_MSGSEND = YES;
				GCC_C_LANGUAGE_STANDARD = gnu99;
				GCC_NO_COMMON_BLOCKS = YES;
				GCC_WARN_64_TO_32_BIT_CONVERSION = YES;
				GCC_WARN_ABOUT_RETURN_TYPE = YES_ERROR;
				GCC_WARN_UNDECLARED_SELECTOR = YES;
				GCC_WARN_UNINITIALIZED_AUTOS = YES_AGGRESSIVE;
				GCC_WARN_UNUSED_FUNCTION = YES;
				GCC_WARN_UNUSED_VARIABLE = YES;
				IPHONEOS_DEPLOYMENT_TARGET = 8.0;
				MTL_ENABLE_DEBUG_INFO = NO;
				SDKROOT = iphoneos;
				SWIFT_OPTIMIZATION_LEVEL = "-Owholemodule";
				VALIDATE_PRODUCT = YES;
			};
			name = Release;
		};
		8077207D1E412DCD00F9B919 /* Debug */ = {
			isa = XCBuildConfiguration;
			baseConfigurationReference = 5F7F7EEDE5292B9CC1689DD9 /* Pods-testVK.debug.xcconfig */;
			buildSettings = {
				ASSETCATALOG_COMPILER_APPICON_NAME = AppIcon;
				DEVELOPMENT_TEAM = 4M6HC984B7;
				INFOPLIST_FILE = testVK/Info.plist;
				IPHONEOS_DEPLOYMENT_TARGET = 8.0;
				LD_RUNPATH_SEARCH_PATHS = "$(inherited) @executable_path/Frameworks";
				PRODUCT_BUNDLE_IDENTIFIER = G.testVK;
				PRODUCT_NAME = "$(TARGET_NAME)";
				SWIFT_VERSION = 3.0;
			};
			name = Debug;
		};
		8077207E1E412DCD00F9B919 /* Release */ = {
			isa = XCBuildConfiguration;
			baseConfigurationReference = FB23D4CD51B4B7D5D756121C /* Pods-testVK.release.xcconfig */;
			buildSettings = {
				ASSETCATALOG_COMPILER_APPICON_NAME = AppIcon;
				DEVELOPMENT_TEAM = 4M6HC984B7;
				INFOPLIST_FILE = testVK/Info.plist;
				IPHONEOS_DEPLOYMENT_TARGET = 8.0;
				LD_RUNPATH_SEARCH_PATHS = "$(inherited) @executable_path/Frameworks";
				PRODUCT_BUNDLE_IDENTIFIER = G.testVK;
				PRODUCT_NAME = "$(TARGET_NAME)";
				SWIFT_VERSION = 3.0;
			};
			name = Release;
		};
/* End XCBuildConfiguration section */

/* Begin XCConfigurationList section */
		807720651E412DCD00F9B919 /* Build configuration list for PBXProject "testVK" */ = {
			isa = XCConfigurationList;
			buildConfigurations = (
				8077207A1E412DCD00F9B919 /* Debug */,
				8077207B1E412DCD00F9B919 /* Release */,
			);
			defaultConfigurationIsVisible = 0;
			defaultConfigurationName = Release;
		};
		8077207C1E412DCD00F9B919 /* Build configuration list for PBXNativeTarget "testVK" */ = {
			isa = XCConfigurationList;
			buildConfigurations = (
				8077207D1E412DCD00F9B919 /* Debug */,
				8077207E1E412DCD00F9B919 /* Release */,
			);
			defaultConfigurationIsVisible = 0;
			defaultConfigurationName = Release;
		};
/* End XCConfigurationList section */
	};
	rootObject = 807720621E412DCD00F9B919 /* Project object */;
}
